<Solution>
  <Folder Name="/Task0/">
    <Project Path="Tyuiu.KorovinIK.Sprint1.Task0.V21.Lib/Tyuiu.KorovinIK.Sprint1.Task0.V21.Lib.csproj" />
    <Project Path="Tyuiu.KorovinIK.Sprint1.Task0.V21.Test/Tyuiu.KorovinIK.Sprint1.Task0.V21.Test.csproj" />
    <Project Path="Tyuiu.KorovinIK.Sprint1.Task0.V21/Tyuiu.KorovinIK.Sprint1.Task0.V21.csproj" />
  </Folder>
  <Folder Name="/Task1/">
    <Project Path="Tyuiu.KorovinIK.Sprint1.Task1.V10.Lib/Tyuiu.KorovinIK.Sprint1.Task1.V10.Lib.csproj" />
    <Project Path="Tyuiu.KorovinIK.Sprint1.Task1.V10.Test/Tyuiu.KorovinIK.Sprint1.Task1.V10.Test.csproj" />
    <Project Path="Tyuiu.KorovinIK.Sprint1.Task1.V10/Tyuiu.KorovinIK.Sprint1.Task1.V10.csproj" />
  </Folder>
  <Folder Name="/Task2/">
    <Project Path="Tyuiu.KorovinIK.Sprint1.Task2.V10.Lib/Tyuiu.KorovinIK.Sprint1.Task2.V10.Lib.csproj" Id="c3663323-1ff2-49a5-9bd6-9c529703df0e" />
    <Project Path="Tyuiu.KorovinIK.Sprint1.Task2.V10.Test/Tyuiu.KorovinIK.Sprint1.Task2.V10.Test.csproj" Id="292d9ab9-2dc6-4012-af5c-72646aa4e893" />
    <Project Path="Tyuiu.KorovinIK.Sprint1.Task2.V10/Tyuiu.KorovinIK.Sprint1.Task2.V10.csproj" Id="920f7744-0c33-4425-8cc4-2259255edc7e" />
  </Folder>
  <Folder Name="/Task3/">
    <Project Path="Tyuiu.KorovinIK.Sprint1.Task3.V8.Lib/Tyuiu.KorovinIK.Sprint1.Task3.V8.Lib.csproj" Id="12eb4c5c-3d4d-4776-b84e-e77ac1297135" />
    <Project Path="Tyuiu.KorovinIK.Sprint1.Task3.V8.Test/Tyuiu.KorovinIK.Sprint1.Task3.V8.Test.csproj" Id="eb81837a-aafc-4897-8df7-e2ede1f11ed5" />
    <Project Path="Tyuiu.KorovinIK.Sprint1.Task3.V8/Tyuiu.KorovinIK.Sprint1.Task3.V8.csproj" Id="cd87950e-ec08-460d-b933-dc6ab9255fbf" />
  </Folder>
  <Folder Name="/Task4/">
    <Project Path="Tyuiu.KorovinIK.Sprint1.Tas4.V26.Lib/Tyuiu.KorovinIK.Sprint1.Tas4.V26.Lib.csproj" Id="d96fa633-8304-4923-b920-e1fe742a6dac" />
    <Project Path="Tyuiu.KorovinIK.Sprint1.Tas4.V26.Test/Tyuiu.KorovinIK.Sprint1.Tas4.V26.Test.csproj" Id="197093fd-56e6-4bef-963f-fa2e15f3c9c1" />
    <Project Path="Tyuiu.KorovinIK.Sprint1.Tas4.V26/Tyuiu.KorovinIK.Sprint1.Tas4.V26.csproj" Id="3c74e40f-c2e0-4e7f-8f2e-28f8b6c17c84" />
  </Folder>
</Solution>
