<Solution>
  <Folder Name="/Task0/">
    <Project Path="Tyuiu.KorovinIK.Sprint1.Task0.V21.Lib/Tyuiu.KorovinIK.Sprint1.Task0.V21.Lib.csproj" />
    <Project Path="Tyuiu.KorovinIK.Sprint1.Task0.V21.Test/Tyuiu.KorovinIK.Sprint1.Task0.V21.Test.csproj" />
    <Project Path="Tyuiu.KorovinIK.Sprint1.Task0.V21/Tyuiu.KorovinIK.Sprint1.Task0.V21.csproj" />
  </Folder>
</Solution>
