<Solution>
  <Folder Name="/Task0/">
    <Project Path="Tyuiu.KorovinIK.Sprint1.Task0.V21.Lib/Tyuiu.KorovinIK.Sprint1.Task0.V21.Lib.csproj" />
    <Project Path="Tyuiu.KorovinIK.Sprint1.Task0.V21.Test/Tyuiu.KorovinIK.Sprint1.Task0.V21.Test.csproj" />
    <Project Path="Tyuiu.KorovinIK.Sprint1.Task0.V21/Tyuiu.KorovinIK.Sprint1.Task0.V21.csproj" />
  </Folder>
  <Folder Name="/Task1/">
    <Project Path="Tyuiu.KorovinIK.Sprint1.Task1.V10.Lib/Tyuiu.KorovinIK.Sprint1.Task1.V10.Lib.csproj" />
    <Project Path="Tyuiu.KorovinIK.Sprint1.Task1.V10.Test/Tyuiu.KorovinIK.Sprint1.Task1.V10.Test.csproj" />
    <Project Path="Tyuiu.KorovinIK.Sprint1.Task1.V10/Tyuiu.KorovinIK.Sprint1.Task1.V10.csproj" />
  </Folder>
  <Folder Name="/Task2/">
    <Project Path="Tyuiu.KorovinIK.Sprint1.Task2.V10.Lib/Tyuiu.KorovinIK.Sprint1.Task2.V10.Lib.csproj" Id="c3663323-1ff2-49a5-9bd6-9c529703df0e" />
    <Project Path="Tyuiu.KorovinIK.Sprint1.Task2.V10.Test/Tyuiu.KorovinIK.Sprint1.Task2.V10.Test.csproj" Id="292d9ab9-2dc6-4012-af5c-72646aa4e893" />
    <Project Path="Tyuiu.KorovinIK.Sprint1.Task2.V10/Tyuiu.KorovinIK.Sprint1.Task2.V10.csproj" Id="920f7744-0c33-4425-8cc4-2259255edc7e" />
  </Folder>
  <Folder Name="/Task3/">
    <Project Path="Tyuiu.KorovinIK.Sprint1.Task3.V8.Lib/Tyuiu.KorovinIK.Sprint1.Task3.V8.Lib.csproj" Id="12eb4c5c-3d4d-4776-b84e-e77ac1297135" />
    <Project Path="Tyuiu.KorovinIK.Sprint1.Task3.V8.Test/Tyuiu.KorovinIK.Sprint1.Task3.V8.Test.csproj" Id="eb81837a-aafc-4897-8df7-e2ede1f11ed5" />
    <Project Path="Tyuiu.KorovinIK.Sprint1.Task3.V8/Tyuiu.KorovinIK.Sprint1.Task3.V8.csproj" Id="cd87950e-ec08-460d-b933-dc6ab9255fbf" />
  </Folder>
  <Folder Name="/Task4/">
    <Project Path="Tyuiu.KorovinIK.Sprint1.Task4.V26.Lib/Tyuiu.KorovinIK.Sprint1.Task4.V26.Lib.csproj" Id="5837a077-1eb4-4756-bb5f-0158dad943e4" />
    <Project Path="Tyuiu.KorovinIK.Sprint1.Task4.V26.Test/Tyuiu.KorovinIK.Sprint1.Task4.V26.Test.csproj" Id="07ebeab1-ed60-4fba-8bd1-ac6fb2df7e77" />
    <Project Path="Tyuiu.KorovinIK.Sprint1.Task4.V26/Tyuiu.KorovinIK.Sprint1.Task4.V26.csproj" Id="f8c07ce2-3159-4f0d-9252-84b01e17edc7" />
  </Folder>
</Solution>
